// !$*UTF8*$!
{
	archiveVersion = 1;
	classes = {
	};
	objectVersion = 46;
	objects = {

/* Begin PBXBuildFile section */
		B04072BF1DEECFDA007A8C74 /* PassValueController.m in Sources */ = {isa = PBXBuildFile; fileRef = B04072BE1DEECFDA007A8C74 /* PassValueController.m */; };
		B04072C21DEED88B007A8C74 /* UILabel+Category.m in Sources */ = {isa = PBXBuildFile; fileRef = B04072C11DEED88B007A8C74 /* UILabel+Category.m */; };
		B04072C51DEEDA07007A8C74 /* UIButton+Category.m in Sources */ = {isa = PBXBuildFile; fileRef = B04072C41DEEDA07007A8C74 /* UIButton+Category.m */; };
		B04072C91DEEFB77007A8C74 /* ReferenceCountController.m in Sources */ = {isa = PBXBuildFile; fileRef = B04072C81DEEFB77007A8C74 /* ReferenceCountController.m */; };
		B04072CD1DEF07A5007A8C74 /* DebugSkillController.m in Sources */ = {isa = PBXBuildFile; fileRef = B04072CC1DEF07A5007A8C74 /* DebugSkillController.m */; };
		B04072D51DEF168E007A8C74 /* WriteBlockController.m in Sources */ = {isa = PBXBuildFile; fileRef = B04072D41DEF168E007A8C74 /* WriteBlockController.m */; };
		B04072D91DEF1FCA007A8C74 /* AnimationController.m in Sources */ = {isa = PBXBuildFile; fileRef = B04072D81DEF1FCA007A8C74 /* AnimationController.m */; };
		B04DF9431E00F5FE00C41AED /* CoreText.m in Sources */ = {isa = PBXBuildFile; fileRef = B04DF9421E00F5FE00C41AED /* CoreText.m */; };
		B04DF9461E00F79C00C41AED /* CoreGraphics.m in Sources */ = {isa = PBXBuildFile; fileRef = B04DF9451E00F79C00C41AED /* CoreGraphics.m */; };
		B04DF94B1E01210300C41AED /* CGPath.m in Sources */ = {isa = PBXBuildFile; fileRef = B04DF94A1E01210300C41AED /* CGPath.m */; };
		B07940101DFD1F4500654018 /* ProtocalWithProperty.m in Sources */ = {isa = PBXBuildFile; fileRef = B079400F1DFD1F4500654018 /* ProtocalWithProperty.m */; };
		B07940141DFD228F00654018 /* LayerController.m in Sources */ = {isa = PBXBuildFile; fileRef = B07940131DFD228F00654018 /* LayerController.m */; };
		B07940171DFD2FB100654018 /* UIImage+RYCategory.m in Sources */ = {isa = PBXBuildFile; fileRef = B07940161DFD2FB100654018 /* UIImage+RYCategory.m */; };
		B0D266C71DEE837600C16964 /* main.m in Sources */ = {isa = PBXBuildFile; fileRef = B0D266C61DEE837600C16964 /* main.m */; };
		B0D266CA1DEE837600C16964 /* AppDelegate.m in Sources */ = {isa = PBXBuildFile; fileRef = B0D266C91DEE837600C16964 /* AppDelegate.m */; };
		B0D266D01DEE837600C16964 /* Main.storyboard in Resources */ = {isa = PBXBuildFile; fileRef = B0D266CE1DEE837600C16964 /* Main.storyboard */; };
		B0D266D21DEE837600C16964 /* Assets.xcassets in Resources */ = {isa = PBXBuildFile; fileRef = B0D266D11DEE837600C16964 /* Assets.xcassets */; };
		B0D266D51DEE837600C16964 /* LaunchScreen.storyboard in Resources */ = {isa = PBXBuildFile; fileRef = B0D266D31DEE837600C16964 /* LaunchScreen.storyboard */; };
		B0D266DE1DEE865E00C16964 /* RootViewController.m in Sources */ = {isa = PBXBuildFile; fileRef = B0D266DD1DEE865E00C16964 /* RootViewController.m */; };
		B0D266E51DEE87F600C16964 /* BuildInterfaceController.m in Sources */ = {isa = PBXBuildFile; fileRef = B0D266E41DEE87F600C16964 /* BuildInterfaceController.m */; };
		B0D266E81DEE962200C16964 /* BaseViewController.m in Sources */ = {isa = PBXBuildFile; fileRef = B0D266E71DEE962200C16964 /* BaseViewController.m */; };
		B0D266EB1DEEA9B500C16964 /* UIView+Dot.m in Sources */ = {isa = PBXBuildFile; fileRef = B0D266EA1DEEA9B500C16964 /* UIView+Dot.m */; };
		B0D266F11DEEBEDC00C16964 /* View.xib in Resources */ = {isa = PBXBuildFile; fileRef = B0D266F01DEEBEDC00C16964 /* View.xib */; };
		E5831F67478B57AB143D2235 /* libPods-ExperienceCluster.a in Frameworks */ = {isa = PBXBuildFile; fileRef = DE57F0EF39027DE3677134EA /* libPods-ExperienceCluster.a */; };
/* End PBXBuildFile section */

/* Begin PBXFileReference section */
		B04072BD1DEECFDA007A8C74 /* PassValueController.h */ = {isa = PBXFileReference; fileEncoding = 4; lastKnownFileType = sourcecode.c.h; name = PassValueController.h; path = Cluster/PassValueController.h; sourceTree = "<group>"; };
		B04072BE1DEECFDA007A8C74 /* PassValueController.m */ = {isa = PBXFileReference; fileEncoding = 4; lastKnownFileType = sourcecode.c.objc; name = PassValueController.m; path = Cluster/PassValueController.m; sourceTree = "<group>"; };
		B04072C01DEED88B007A8C74 /* UILabel+Category.h */ = {isa = PBXFileReference; fileEncoding = 4; lastKnownFileType = sourcecode.c.h; name = "UILabel+Category.h"; path = "Category/UILabel+Category.h"; sourceTree = "<group>"; };
		B04072C11DEED88B007A8C74 /* UILabel+Category.m */ = {isa = PBXFileReference; fileEncoding = 4; lastKnownFileType = sourcecode.c.objc; name = "UILabel+Category.m"; path = "Category/UILabel+Category.m"; sourceTree = "<group>"; };
		B04072C31DEEDA07007A8C74 /* UIButton+Category.h */ = {isa = PBXFileReference; fileEncoding = 4; lastKnownFileType = sourcecode.c.h; name = "UIButton+Category.h"; path = "Category/UIButton+Category.h"; sourceTree = "<group>"; };
		B04072C41DEEDA07007A8C74 /* UIButton+Category.m */ = {isa = PBXFileReference; fileEncoding = 4; lastKnownFileType = sourcecode.c.objc; name = "UIButton+Category.m"; path = "Category/UIButton+Category.m"; sourceTree = "<group>"; };
		B04072C71DEEFB77007A8C74 /* ReferenceCountController.h */ = {isa = PBXFileReference; fileEncoding = 4; lastKnownFileType = sourcecode.c.h; name = ReferenceCountController.h; path = Cluster/ReferenceCountController.h; sourceTree = "<group>"; };
		B04072C81DEEFB77007A8C74 /* ReferenceCountController.m */ = {isa = PBXFileReference; fileEncoding = 4; lastKnownFileType = sourcecode.c.objc; name = ReferenceCountController.m; path = Cluster/ReferenceCountController.m; sourceTree = "<group>"; };
		B04072CB1DEF07A5007A8C74 /* DebugSkillController.h */ = {isa = PBXFileReference; fileEncoding = 4; lastKnownFileType = sourcecode.c.h; name = DebugSkillController.h; path = Cluster/DebugSkillController.h; sourceTree = "<group>"; };
		B04072CC1DEF07A5007A8C74 /* DebugSkillController.m */ = {isa = PBXFileReference; fileEncoding = 4; lastKnownFileType = sourcecode.c.objc; name = DebugSkillController.m; path = Cluster/DebugSkillController.m; sourceTree = "<group>"; };
		B04072D01DEF084A007A8C74 /* ConvientDefine.h */ = {isa = PBXFileReference; lastKnownFileType = sourcecode.c.h; name = ConvientDefine.h; path = Defines/ConvientDefine.h; sourceTree = "<group>"; };
		B04072D11DEF0944007A8C74 /* LogDefine.h */ = {isa = PBXFileReference; lastKnownFileType = sourcecode.c.h; name = LogDefine.h; path = Defines/LogDefine.h; sourceTree = "<group>"; };
		B04072D31DEF168E007A8C74 /* WriteBlockController.h */ = {isa = PBXFileReference; fileEncoding = 4; lastKnownFileType = sourcecode.c.h; name = WriteBlockController.h; path = Cluster/WriteBlockController.h; sourceTree = "<group>"; };
		B04072D41DEF168E007A8C74 /* WriteBlockController.m */ = {isa = PBXFileReference; fileEncoding = 4; lastKnownFileType = sourcecode.c.objc; name = WriteBlockController.m; path = Cluster/WriteBlockController.m; sourceTree = "<group>"; };
		B04072D71DEF1FCA007A8C74 /* AnimationController.h */ = {isa = PBXFileReference; fileEncoding = 4; lastKnownFileType = sourcecode.c.h; name = AnimationController.h; path = Cluster/AnimationController.h; sourceTree = "<group>"; };
		B04072D81DEF1FCA007A8C74 /* AnimationController.m */ = {isa = PBXFileReference; fileEncoding = 4; lastKnownFileType = sourcecode.c.objc; name = AnimationController.m; path = Cluster/AnimationController.m; sourceTree = "<group>"; };
		B04DF9411E00F5FE00C41AED /* CoreText.h */ = {isa = PBXFileReference; fileEncoding = 4; lastKnownFileType = sourcecode.c.h; name = CoreText.h; path = Cluster/CoreText.h; sourceTree = "<group>"; };
		B04DF9421E00F5FE00C41AED /* CoreText.m */ = {isa = PBXFileReference; fileEncoding = 4; lastKnownFileType = sourcecode.c.objc; name = CoreText.m; path = Cluster/CoreText.m; sourceTree = "<group>"; };
		B04DF9441E00F79C00C41AED /* CoreGraphics.h */ = {isa = PBXFileReference; fileEncoding = 4; lastKnownFileType = sourcecode.c.h; name = CoreGraphics.h; path = Cluster/CoreGraphics.h; sourceTree = "<group>"; };
		B04DF9451E00F79C00C41AED /* CoreGraphics.m */ = {isa = PBXFileReference; fileEncoding = 4; lastKnownFileType = sourcecode.c.objc; name = CoreGraphics.m; path = Cluster/CoreGraphics.m; sourceTree = "<group>"; };
		B04DF9491E01210300C41AED /* CGPath.h */ = {isa = PBXFileReference; fileEncoding = 4; lastKnownFileType = sourcecode.c.h; name = CGPath.h; path = Cluster/CGPath.h; sourceTree = "<group>"; };
		B04DF94A1E01210300C41AED /* CGPath.m */ = {isa = PBXFileReference; fileEncoding = 4; lastKnownFileType = sourcecode.c.objc; name = CGPath.m; path = Cluster/CGPath.m; sourceTree = "<group>"; };
		B079400E1DFD1F4500654018 /* ProtocalWithProperty.h */ = {isa = PBXFileReference; fileEncoding = 4; lastKnownFileType = sourcecode.c.h; name = ProtocalWithProperty.h; path = Cluster/ProtocalWithProperty.h; sourceTree = "<group>"; };
		B079400F1DFD1F4500654018 /* ProtocalWithProperty.m */ = {isa = PBXFileReference; fileEncoding = 4; lastKnownFileType = sourcecode.c.objc; name = ProtocalWithProperty.m; path = Cluster/ProtocalWithProperty.m; sourceTree = "<group>"; };
		B07940121DFD228F00654018 /* LayerController.h */ = {isa = PBXFileReference; fileEncoding = 4; lastKnownFileType = sourcecode.c.h; name = LayerController.h; path = Cluster/LayerController.h; sourceTree = "<group>"; };
		B07940131DFD228F00654018 /* LayerController.m */ = {isa = PBXFileReference; fileEncoding = 4; lastKnownFileType = sourcecode.c.objc; name = LayerController.m; path = Cluster/LayerController.m; sourceTree = "<group>"; };
		B07940151DFD2FB100654018 /* UIImage+RYCategory.h */ = {isa = PBXFileReference; fileEncoding = 4; lastKnownFileType = sourcecode.c.h; name = "UIImage+RYCategory.h"; path = "Category/UIImage+RYCategory.h"; sourceTree = "<group>"; };
		B07940161DFD2FB100654018 /* UIImage+RYCategory.m */ = {isa = PBXFileReference; fileEncoding = 4; lastKnownFileType = sourcecode.c.objc; name = "UIImage+RYCategory.m"; path = "Category/UIImage+RYCategory.m"; sourceTree = "<group>"; };
		B0D266C21DEE837600C16964 /* ExperienceCluster.app */ = {isa = PBXFileReference; explicitFileType = wrapper.application; includeInIndex = 0; path = ExperienceCluster.app; sourceTree = BUILT_PRODUCTS_DIR; };
		B0D266C61DEE837600C16964 /* main.m */ = {isa = PBXFileReference; lastKnownFileType = sourcecode.c.objc; path = main.m; sourceTree = "<group>"; };
		B0D266C81DEE837600C16964 /* AppDelegate.h */ = {isa = PBXFileReference; lastKnownFileType = sourcecode.c.h; path = AppDelegate.h; sourceTree = "<group>"; };
		B0D266C91DEE837600C16964 /* AppDelegate.m */ = {isa = PBXFileReference; lastKnownFileType = sourcecode.c.objc; path = AppDelegate.m; sourceTree = "<group>"; };
		B0D266CF1DEE837600C16964 /* Base */ = {isa = PBXFileReference; lastKnownFileType = file.storyboard; name = Base; path = Base.lproj/Main.storyboard; sourceTree = "<group>"; };
		B0D266D11DEE837600C16964 /* Assets.xcassets */ = {isa = PBXFileReference; lastKnownFileType = folder.assetcatalog; path = Assets.xcassets; sourceTree = "<group>"; };
		B0D266D41DEE837600C16964 /* Base */ = {isa = PBXFileReference; lastKnownFileType = file.storyboard; name = Base; path = Base.lproj/LaunchScreen.storyboard; sourceTree = "<group>"; };
		B0D266D61DEE837600C16964 /* Info.plist */ = {isa = PBXFileReference; lastKnownFileType = text.plist.xml; path = Info.plist; sourceTree = "<group>"; };
		B0D266DC1DEE865E00C16964 /* RootViewController.h */ = {isa = PBXFileReference; fileEncoding = 4; lastKnownFileType = sourcecode.c.h; path = RootViewController.h; sourceTree = "<group>"; };
		B0D266DD1DEE865E00C16964 /* RootViewController.m */ = {isa = PBXFileReference; fileEncoding = 4; lastKnownFileType = sourcecode.c.objc; path = RootViewController.m; sourceTree = "<group>"; };
		B0D266E31DEE87F600C16964 /* BuildInterfaceController.h */ = {isa = PBXFileReference; fileEncoding = 4; lastKnownFileType = sourcecode.c.h; name = BuildInterfaceController.h; path = Cluster/BuildInterfaceController.h; sourceTree = "<group>"; };
		B0D266E41DEE87F600C16964 /* BuildInterfaceController.m */ = {isa = PBXFileReference; fileEncoding = 4; lastKnownFileType = sourcecode.c.objc; name = BuildInterfaceController.m; path = Cluster/BuildInterfaceController.m; sourceTree = "<group>"; };
		B0D266E61DEE962200C16964 /* BaseViewController.h */ = {isa = PBXFileReference; fileEncoding = 4; lastKnownFileType = sourcecode.c.h; name = BaseViewController.h; path = Cluster/BaseViewController.h; sourceTree = "<group>"; };
		B0D266E71DEE962200C16964 /* BaseViewController.m */ = {isa = PBXFileReference; fileEncoding = 4; lastKnownFileType = sourcecode.c.objc; name = BaseViewController.m; path = Cluster/BaseViewController.m; sourceTree = "<group>"; };
		B0D266E91DEEA9B500C16964 /* UIView+Dot.h */ = {isa = PBXFileReference; fileEncoding = 4; lastKnownFileType = sourcecode.c.h; name = "UIView+Dot.h"; path = "Category/UIView+Dot.h"; sourceTree = "<group>"; };
		B0D266EA1DEEA9B500C16964 /* UIView+Dot.m */ = {isa = PBXFileReference; fileEncoding = 4; lastKnownFileType = sourcecode.c.objc; name = "UIView+Dot.m"; path = "Category/UIView+Dot.m"; sourceTree = "<group>"; };
		B0D266EC1DEEADB800C16964 /* PrefixHeader.pch */ = {isa = PBXFileReference; lastKnownFileType = sourcecode.c.h; path = PrefixHeader.pch; sourceTree = "<group>"; };
		B0D266F01DEEBEDC00C16964 /* View.xib */ = {isa = PBXFileReference; fileEncoding = 4; lastKnownFileType = file.xib; name = View.xib; path = Xibs/View.xib; sourceTree = "<group>"; };
		CF68ED6650BC79CEDAB891F9 /* Pods-ExperienceCluster.release.xcconfig */ = {isa = PBXFileReference; includeInIndex = 1; lastKnownFileType = text.xcconfig; name = "Pods-ExperienceCluster.release.xcconfig"; path = "Pods/Target Support Files/Pods-ExperienceCluster/Pods-ExperienceCluster.release.xcconfig"; sourceTree = "<group>"; };
		D7B247CC6534FF1661B9C856 /* Pods-ExperienceCluster.debug.xcconfig */ = {isa = PBXFileReference; includeInIndex = 1; lastKnownFileType = text.xcconfig; name = "Pods-ExperienceCluster.debug.xcconfig"; path = "Pods/Target Support Files/Pods-ExperienceCluster/Pods-ExperienceCluster.debug.xcconfig"; sourceTree = "<group>"; };
		DE57F0EF39027DE3677134EA /* libPods-ExperienceCluster.a */ = {isa = PBXFileReference; explicitFileType = archive.ar; includeInIndex = 0; path = "libPods-ExperienceCluster.a"; sourceTree = BUILT_PRODUCTS_DIR; };
/* End PBXFileReference section */

/* Begin PBXFrameworksBuildPhase section */
		B0D266BF1DEE837600C16964 /* Frameworks */ = {
			isa = PBXFrameworksBuildPhase;
			buildActionMask = 2147483647;
			files = (
				E5831F67478B57AB143D2235 /* libPods-ExperienceCluster.a in Frameworks */,
			);
			runOnlyForDeploymentPostprocessing = 0;
		};
/* End PBXFrameworksBuildPhase section */

/* Begin PBXGroup section */
		2A5FD868284737690F004AA9 /* Frameworks */ = {
			isa = PBXGroup;
			children = (
				DE57F0EF39027DE3677134EA /* libPods-ExperienceCluster.a */,
			);
			name = Frameworks;
			sourceTree = "<group>";
		};
		47DE5F81AE56FB26C71401A0 /* Pods */ = {
			isa = PBXGroup;
			children = (
				D7B247CC6534FF1661B9C856 /* Pods-ExperienceCluster.debug.xcconfig */,
				CF68ED6650BC79CEDAB891F9 /* Pods-ExperienceCluster.release.xcconfig */,
			);
			name = Pods;
			sourceTree = "<group>";
		};
		B04072BC1DEECFB9007A8C74 /* PassValue */ = {
			isa = PBXGroup;
			children = (
				B04072BD1DEECFDA007A8C74 /* PassValueController.h */,
				B04072BE1DEECFDA007A8C74 /* PassValueController.m */,
			);
			name = PassValue;
			sourceTree = "<group>";
		};
		B04072C61DEEFB47007A8C74 /* RefrenceCount */ = {
			isa = PBXGroup;
			children = (
				B04072C71DEEFB77007A8C74 /* ReferenceCountController.h */,
				B04072C81DEEFB77007A8C74 /* ReferenceCountController.m */,
			);
			name = RefrenceCount;
			sourceTree = "<group>";
		};
		B04072CA1DEF0786007A8C74 /* DebugSkill */ = {
			isa = PBXGroup;
			children = (
				B04072CB1DEF07A5007A8C74 /* DebugSkillController.h */,
				B04072CC1DEF07A5007A8C74 /* DebugSkillController.m */,
			);
			name = DebugSkill;
			sourceTree = "<group>";
		};
		B04072CE1DEF080A007A8C74 /* Utils */ = {
			isa = PBXGroup;
			children = (
				B04072CF1DEF081C007A8C74 /* Define */,
				B0D266E21DEE87CD00C16964 /* Category */,
			);
			name = Utils;
			sourceTree = "<group>";
		};
		B04072CF1DEF081C007A8C74 /* Define */ = {
			isa = PBXGroup;
			children = (
				B04072D01DEF084A007A8C74 /* ConvientDefine.h */,
				B04072D11DEF0944007A8C74 /* LogDefine.h */,
			);
			name = Define;
			sourceTree = "<group>";
		};
		B04072D21DEF1669007A8C74 /* WriteBlock */ = {
			isa = PBXGroup;
			children = (
				B04072D31DEF168E007A8C74 /* WriteBlockController.h */,
				B04072D41DEF168E007A8C74 /* WriteBlockController.m */,
			);
			name = WriteBlock;
			sourceTree = "<group>";
		};
		B04072D61DEF1FAB007A8C74 /* Animation */ = {
			isa = PBXGroup;
			children = (
				B04072D71DEF1FCA007A8C74 /* AnimationController.h */,
				B04072D81DEF1FCA007A8C74 /* AnimationController.m */,
			);
			name = Animation;
			sourceTree = "<group>";
		};
		B04DF9401E00F5D400C41AED /* CoreText */ = {
			isa = PBXGroup;
			children = (
				B04DF9411E00F5FE00C41AED /* CoreText.h */,
				B04DF9421E00F5FE00C41AED /* CoreText.m */,
			);
			name = CoreText;
			sourceTree = "<group>";
		};
		B04DF9471E00F79F00C41AED /* CoreGraphics */ = {
			isa = PBXGroup;
			children = (
				B04DF9441E00F79C00C41AED /* CoreGraphics.h */,
				B04DF9451E00F79C00C41AED /* CoreGraphics.m */,
				B04DF9481E0120EC00C41AED /* CGPath */,
			);
			name = CoreGraphics;
			sourceTree = "<group>";
		};
		B04DF9481E0120EC00C41AED /* CGPath */ = {
			isa = PBXGroup;
			children = (
				B04DF9491E01210300C41AED /* CGPath.h */,
				B04DF94A1E01210300C41AED /* CGPath.m */,
			);
			name = CGPath;
			sourceTree = "<group>";
		};
		B079400D1DFD1F0B00654018 /* ProtocalProperty */ = {
			isa = PBXGroup;
			children = (
				B079400E1DFD1F4500654018 /* ProtocalWithProperty.h */,
				B079400F1DFD1F4500654018 /* ProtocalWithProperty.m */,
			);
			name = ProtocalProperty;
			sourceTree = "<group>";
		};
		B07940111DFD227800654018 /* Layer */ = {
			isa = PBXGroup;
			children = (
				B07940121DFD228F00654018 /* LayerController.h */,
				B07940131DFD228F00654018 /* LayerController.m */,
			);
			name = Layer;
			sourceTree = "<group>";
		};
		B0D266B91DEE837600C16964 = {
			isa = PBXGroup;
			children = (
				B0D266C41DEE837600C16964 /* ExperienceCluster */,
				B0D266C31DEE837600C16964 /* Products */,
				47DE5F81AE56FB26C71401A0 /* Pods */,
				2A5FD868284737690F004AA9 /* Frameworks */,
			);
			sourceTree = "<group>";
		};
		B0D266C31DEE837600C16964 /* Products */ = {
			isa = PBXGroup;
			children = (
				B0D266C21DEE837600C16964 /* ExperienceCluster.app */,
			);
			name = Products;
			sourceTree = "<group>";
		};
		B0D266C41DEE837600C16964 /* ExperienceCluster */ = {
			isa = PBXGroup;
			children = (
				B0D266C81DEE837600C16964 /* AppDelegate.h */,
				B0D266C91DEE837600C16964 /* AppDelegate.m */,
				B0D266DC1DEE865E00C16964 /* RootViewController.h */,
				B0D266DD1DEE865E00C16964 /* RootViewController.m */,
				B04072CE1DEF080A007A8C74 /* Utils */,
				B0D266DF1DEE86EA00C16964 /* Cluster */,
				B0D266E01DEE870C00C16964 /* Media */,
				B0D266C51DEE837600C16964 /* Supporting Files */,
			);
			path = ExperienceCluster;
			sourceTree = "<group>";
		};
		B0D266C51DEE837600C16964 /* Supporting Files */ = {
			isa = PBXGroup;
			children = (
				B0D266D61DEE837600C16964 /* Info.plist */,
				B0D266C61DEE837600C16964 /* main.m */,
				B0D266EC1DEEADB800C16964 /* PrefixHeader.pch */,
			);
			name = "Supporting Files";
			sourceTree = "<group>";
		};
		B0D266DF1DEE86EA00C16964 /* Cluster */ = {
			isa = PBXGroup;
			children = (
				B0D266E61DEE962200C16964 /* BaseViewController.h */,
				B0D266E71DEE962200C16964 /* BaseViewController.m */,
				B0D266E11DEE87BB00C16964 /* BuildInterface */,
				B04072BC1DEECFB9007A8C74 /* PassValue */,
				B04072C61DEEFB47007A8C74 /* RefrenceCount */,
				B04072CA1DEF0786007A8C74 /* DebugSkill */,
				B04072D21DEF1669007A8C74 /* WriteBlock */,
				B04072D61DEF1FAB007A8C74 /* Animation */,
				B079400D1DFD1F0B00654018 /* ProtocalProperty */,
				B07940111DFD227800654018 /* Layer */,
				B04DF9471E00F79F00C41AED /* CoreGraphics */,
				B04DF9401E00F5D400C41AED /* CoreText */,
			);
			name = Cluster;
			sourceTree = "<group>";
		};
		B0D266E01DEE870C00C16964 /* Media */ = {
			isa = PBXGroup;
			children = (
				B0D266D11DEE837600C16964 /* Assets.xcassets */,
				B0D266CE1DEE837600C16964 /* Main.storyboard */,
				B0D266D31DEE837600C16964 /* LaunchScreen.storyboard */,
				B0D266F01DEEBEDC00C16964 /* View.xib */,
			);
			name = Media;
			sourceTree = "<group>";
		};
		B0D266E11DEE87BB00C16964 /* BuildInterface */ = {
			isa = PBXGroup;
			children = (
				B0D266E31DEE87F600C16964 /* BuildInterfaceController.h */,
				B0D266E41DEE87F600C16964 /* BuildInterfaceController.m */,
			);
			name = BuildInterface;
			sourceTree = "<group>";
		};
		B0D266E21DEE87CD00C16964 /* Category */ = {
			isa = PBXGroup;
			children = (
				B0D266E91DEEA9B500C16964 /* UIView+Dot.h */,
				B0D266EA1DEEA9B500C16964 /* UIView+Dot.m */,
				B04072C01DEED88B007A8C74 /* UILabel+Category.h */,
				B04072C11DEED88B007A8C74 /* UILabel+Category.m */,
				B04072C31DEEDA07007A8C74 /* UIButton+Category.h */,
				B04072C41DEEDA07007A8C74 /* UIButton+Category.m */,
				B07940151DFD2FB100654018 /* UIImage+RYCategory.h */,
				B07940161DFD2FB100654018 /* UIImage+RYCategory.m */,
			);
			name = Category;
			sourceTree = "<group>";
		};
/* End PBXGroup section */

/* Begin PBXNativeTarget section */
		B0D266C11DEE837600C16964 /* ExperienceCluster */ = {
			isa = PBXNativeTarget;
			buildConfigurationList = B0D266D91DEE837600C16964 /* Build configuration list for PBXNativeTarget "ExperienceCluster" */;
			buildPhases = (
				0BA7E6374511E17B38A1121C /* 📦 Check Pods Manifest.lock */,
				B0D266BE1DEE837600C16964 /* Sources */,
				B0D266BF1DEE837600C16964 /* Frameworks */,
				B0D266C01DEE837600C16964 /* Resources */,
				9B03FE57007D2B617DCE473E /* 📦 Embed Pods Frameworks */,
				26C75B9658A537902EBAD48A /* 📦 Copy Pods Resources */,
			);
			buildRules = (
			);
			dependencies = (
			);
			name = ExperienceCluster;
			productName = ExperienceCluster;
			productReference = B0D266C21DEE837600C16964 /* ExperienceCluster.app */;
			productType = "com.apple.product-type.application";
		};
/* End PBXNativeTarget section */

/* Begin PBXProject section */
		B0D266BA1DEE837600C16964 /* Project object */ = {
			isa = PBXProject;
			attributes = {
				LastUpgradeCheck = 0730;
				ORGANIZATIONNAME = "Roy Miller";
				TargetAttributes = {
					B0D266C11DEE837600C16964 = {
						CreatedOnToolsVersion = 7.3.1;
					};
				};
			};
			buildConfigurationList = B0D266BD1DEE837600C16964 /* Build configuration list for PBXProject "ExperienceCluster" */;
			compatibilityVersion = "Xcode 3.2";
			developmentRegion = English;
			hasScannedForEncodings = 0;
			knownRegions = (
				en,
				Base,
			);
			mainGroup = B0D266B91DEE837600C16964;
			productRefGroup = B0D266C31DEE837600C16964 /* Products */;
			projectDirPath = "";
			projectRoot = "";
			targets = (
				B0D266C11DEE837600C16964 /* ExperienceCluster */,
			);
		};
/* End PBXProject section */

/* Begin PBXResourcesBuildPhase section */
		B0D266C01DEE837600C16964 /* Resources */ = {
			isa = PBXResourcesBuildPhase;
			buildActionMask = 2147483647;
			files = (
				B0D266F11DEEBEDC00C16964 /* View.xib in Resources */,
				B0D266D51DEE837600C16964 /* LaunchScreen.storyboard in Resources */,
				B0D266D21DEE837600C16964 /* Assets.xcassets in Resources */,
				B0D266D01DEE837600C16964 /* Main.storyboard in Resources */,
			);
			runOnlyForDeploymentPostprocessing = 0;
		};
/* End PBXResourcesBuildPhase section */

/* Begin PBXShellScriptBuildPhase section */
		0BA7E6374511E17B38A1121C /* 📦 Check Pods Manifest.lock */ = {
			isa = PBXShellScriptBuildPhase;
			buildActionMask = 2147483647;
			files = (
			);
			inputPaths = (
			);
			name = "📦 Check Pods Manifest.lock";
			outputPaths = (
			);
			runOnlyForDeploymentPostprocessing = 0;
			shellPath = /bin/sh;
			shellScript = "diff \"${PODS_ROOT}/../Podfile.lock\" \"${PODS_ROOT}/Manifest.lock\" > /dev/null\nif [[ $? != 0 ]] ; then\n    cat << EOM\nerror: The sandbox is not in sync with the Podfile.lock. Run 'pod install' or update your CocoaPods installation.\nEOM\n    exit 1\nfi\n";
			showEnvVarsInLog = 0;
		};
		26C75B9658A537902EBAD48A /* 📦 Copy Pods Resources */ = {
			isa = PBXShellScriptBuildPhase;
			buildActionMask = 2147483647;
			files = (
			);
			inputPaths = (
			);
			name = "📦 Copy Pods Resources";
			outputPaths = (
			);
			runOnlyForDeploymentPostprocessing = 0;
			shellPath = /bin/sh;
			shellScript = "\"${SRCROOT}/Pods/Target Support Files/Pods-ExperienceCluster/Pods-ExperienceCluster-resources.sh\"\n";
			showEnvVarsInLog = 0;
		};
		9B03FE57007D2B617DCE473E /* 📦 Embed Pods Frameworks */ = {
			isa = PBXShellScriptBuildPhase;
			buildActionMask = 2147483647;
			files = (
			);
			inputPaths = (
			);
			name = "📦 Embed Pods Frameworks";
			outputPaths = (
			);
			runOnlyForDeploymentPostprocessing = 0;
			shellPath = /bin/sh;
			shellScript = "\"${SRCROOT}/Pods/Target Support Files/Pods-ExperienceCluster/Pods-ExperienceCluster-frameworks.sh\"\n";
			showEnvVarsInLog = 0;
		};
/* End PBXShellScriptBuildPhase section */

/* Begin PBXSourcesBuildPhase section */
		B0D266BE1DEE837600C16964 /* Sources */ = {
			isa = PBXSourcesBuildPhase;
			buildActionMask = 2147483647;
			files = (
				B0D266CA1DEE837600C16964 /* AppDelegate.m in Sources */,
				B0D266E81DEE962200C16964 /* BaseViewController.m in Sources */,
				B0D266EB1DEEA9B500C16964 /* UIView+Dot.m in Sources */,
				B04DF9461E00F79C00C41AED /* CoreGraphics.m in Sources */,
				B04072C91DEEFB77007A8C74 /* ReferenceCountController.m in Sources */,
				B07940171DFD2FB100654018 /* UIImage+RYCategory.m in Sources */,
				B07940101DFD1F4500654018 /* ProtocalWithProperty.m in Sources */,
				B04072C51DEEDA07007A8C74 /* UIButton+Category.m in Sources */,
				B0D266DE1DEE865E00C16964 /* RootViewController.m in Sources */,
				B04072C21DEED88B007A8C74 /* UILabel+Category.m in Sources */,
				B0D266E51DEE87F600C16964 /* BuildInterfaceController.m in Sources */,
				B0D266C71DEE837600C16964 /* main.m in Sources */,
				B04072BF1DEECFDA007A8C74 /* PassValueController.m in Sources */,
				B04072CD1DEF07A5007A8C74 /* DebugSkillController.m in Sources */,
				B04072D51DEF168E007A8C74 /* WriteBlockController.m in Sources */,
				B04DF9431E00F5FE00C41AED /* CoreText.m in Sources */,
				B07940141DFD228F00654018 /* LayerController.m in Sources */,
				B04DF94B1E01210300C41AED /* CGPath.m in Sources */,
				B04072D91DEF1FCA007A8C74 /* AnimationController.m in Sources */,
			);
			runOnlyForDeploymentPostprocessing = 0;
		};
/* End PBXSourcesBuildPhase section */

/* Begin PBXVariantGroup section */
		B0D266CE1DEE837600C16964 /* Main.storyboard */ = {
			isa = PBXVariantGroup;
			children = (
				B0D266CF1DEE837600C16964 /* Base */,
			);
			name = Main.storyboard;
			sourceTree = "<group>";
		};
		B0D266D31DEE837600C16964 /* LaunchScreen.storyboard */ = {
			isa = PBXVariantGroup;
			children = (
				B0D266D41DEE837600C16964 /* Base */,
			);
			name = LaunchScreen.storyboard;
			sourceTree = "<group>";
		};
/* End PBXVariantGroup section */

/* Begin XCBuildConfiguration section */
		B0D266D71DEE837600C16964 /* Debug */ = {
			isa = XCBuildConfiguration;
			buildSettings = {
				ALWAYS_SEARCH_USER_PATHS = NO;
				CLANG_ANALYZER_NONNULL = YES;
				CLANG_CXX_LANGUAGE_STANDARD = "gnu++0x";
				CLANG_CXX_LIBRARY = "libc++";
				CLANG_ENABLE_MODULES = YES;
				CLANG_ENABLE_OBJC_ARC = YES;
				CLANG_WARN_BOOL_CONVERSION = YES;
				CLANG_WARN_CONSTANT_CONVERSION = YES;
				CLANG_WARN_DIRECT_OBJC_ISA_USAGE = YES_ERROR;
				CLANG_WARN_EMPTY_BODY = YES;
				CLANG_WARN_ENUM_CONVERSION = YES;
				CLANG_WARN_INT_CONVERSION = YES;
				CLANG_WARN_OBJC_ROOT_CLASS = YES_ERROR;
				CLANG_WARN_UNREACHABLE_CODE = YES;
				CLANG_WARN__DUPLICATE_METHOD_MATCH = YES;
				"CODE_SIGN_IDENTITY[sdk=iphoneos*]" = "iPhone Developer";
				COPY_PHASE_STRIP = NO;
				DEBUG_INFORMATION_FORMAT = dwarf;
				ENABLE_STRICT_OBJC_MSGSEND = YES;
				ENABLE_TESTABILITY = YES;
				GCC_C_LANGUAGE_STANDARD = gnu99;
				GCC_DYNAMIC_NO_PIC = NO;
				GCC_NO_COMMON_BLOCKS = YES;
				GCC_OPTIMIZATION_LEVEL = 0;
				GCC_PREPROCESSOR_DEFINITIONS = (
					"DEBUG=1",
					"$(inherited)",
				);
				GCC_WARN_64_TO_32_BIT_CONVERSION = YES;
				GCC_WARN_ABOUT_RETURN_TYPE = YES_ERROR;
				GCC_WARN_UNDECLARED_SELECTOR = YES;
				GCC_WARN_UNINITIALIZED_AUTOS = YES_AGGRESSIVE;
				GCC_WARN_UNUSED_FUNCTION = YES;
				GCC_WARN_UNUSED_VARIABLE = YES;
				IPHONEOS_DEPLOYMENT_TARGET = 9.3;
				MTL_ENABLE_DEBUG_INFO = YES;
				ONLY_ACTIVE_ARCH = YES;
				SDKROOT = iphoneos;
			};
			name = Debug;
		};
		B0D266D81DEE837600C16964 /* Release */ = {
			isa = XCBuildConfiguration;
			buildSettings = {
				ALWAYS_SEARCH_USER_PATHS = NO;
				CLANG_ANALYZER_NONNULL = YES;
				CLANG_CXX_LANGUAGE_STANDARD = "gnu++0x";
				CLANG_CXX_LIBRARY = "libc++";
				CLANG_ENABLE_MODULES = YES;
				CLANG_ENABLE_OBJC_ARC = YES;
				CLANG_WARN_BOOL_CONVERSION = YES;
				CLANG_WARN_CONSTANT_CONVERSION = YES;
				CLANG_WARN_DIRECT_OBJC_ISA_USAGE = YES_ERROR;
				CLANG_WARN_EMPTY_BODY = YES;
				CLANG_WARN_ENUM_CONVERSION = YES;
				CLANG_WARN_INT_CONVERSION = YES;
				CLANG_WARN_OBJC_ROOT_CLASS = YES_ERROR;
				CLANG_WARN_UNREACHABLE_CODE = YES;
				CLANG_WARN__DUPLICATE_METHOD_MATCH = YES;
				"CODE_SIGN_IDENTITY[sdk=iphoneos*]" = "iPhone Developer";
				COPY_PHASE_STRIP = NO;
				DEBUG_INFORMATION_FORMAT = "dwarf-with-dsym";
				ENABLE_NS_ASSERTIONS = NO;
				ENABLE_STRICT_OBJC_MSGSEND = YES;
				GCC_C_LANGUAGE_STANDARD = gnu99;
				GCC_NO_COMMON_BLOCKS = YES;
				GCC_WARN_64_TO_32_BIT_CONVERSION = YES;
				GCC_WARN_ABOUT_RETURN_TYPE = YES_ERROR;
				GCC_WARN_UNDECLARED_SELECTOR = YES;
				GCC_WARN_UNINITIALIZED_AUTOS = YES_AGGRESSIVE;
				GCC_WARN_UNUSED_FUNCTION = YES;
				GCC_WARN_UNUSED_VARIABLE = YES;
				IPHONEOS_DEPLOYMENT_TARGET = 9.3;
				MTL_ENABLE_DEBUG_INFO = NO;
				SDKROOT = iphoneos;
				VALIDATE_PRODUCT = YES;
			};
			name = Release;
		};
		B0D266DA1DEE837600C16964 /* Debug */ = {
			isa = XCBuildConfiguration;
			baseConfigurationReference = D7B247CC6534FF1661B9C856 /* Pods-ExperienceCluster.debug.xcconfig */;
			buildSettings = {
				ASSETCATALOG_COMPILER_APPICON_NAME = AppIcon;
				GCC_PRECOMPILE_PREFIX_HEADER = YES;
				GCC_PREFIX_HEADER = "$(SRCROOT)/ExperienceCluster/PrefixHeader.pch";
				INFOPLIST_FILE = ExperienceCluster/Info.plist;
				IPHONEOS_DEPLOYMENT_TARGET = 8.0;
				LD_RUNPATH_SEARCH_PATHS = "$(inherited) @executable_path/Frameworks";
				PRODUCT_BUNDLE_IDENTIFIER = com.dreamwithroy.ExperienceCluster;
				PRODUCT_NAME = "$(TARGET_NAME)";
			};
			name = Debug;
		};
		B0D266DB1DEE837600C16964 /* Release */ = {
			isa = XCBuildConfiguration;
			baseConfigurationReference = CF68ED6650BC79CEDAB891F9 /* Pods-ExperienceCluster.release.xcconfig */;
			buildSettings = {
				ASSETCATALOG_COMPILER_APPICON_NAME = AppIcon;
				GCC_PRECOMPILE_PREFIX_HEADER = YES;
				GCC_PREFIX_HEADER = "$(SRCROOT)/ExperienceCluster/PrefixHeader.pch";
				INFOPLIST_FILE = ExperienceCluster/Info.plist;
				IPHONEOS_DEPLOYMENT_TARGET = 8.0;
				LD_RUNPATH_SEARCH_PATHS = "$(inherited) @executable_path/Frameworks";
				PRODUCT_BUNDLE_IDENTIFIER = com.dreamwithroy.ExperienceCluster;
				PRODUCT_NAME = "$(TARGET_NAME)";
			};
			name = Release;
		};
/* End XCBuildConfiguration section */

/* Begin XCConfigurationList section */
		B0D266BD1DEE837600C16964 /* Build configuration list for PBXProject "ExperienceCluster" */ = {
			isa = XCConfigurationList;
			buildConfigurations = (
				B0D266D71DEE837600C16964 /* Debug */,
				B0D266D81DEE837600C16964 /* Release */,
			);
			defaultConfigurationIsVisible = 0;
			defaultConfigurationName = Release;
		};
		B0D266D91DEE837600C16964 /* Build configuration list for PBXNativeTarget "ExperienceCluster" */ = {
			isa = XCConfigurationList;
			buildConfigurations = (
				B0D266DA1DEE837600C16964 /* Debug */,
				B0D266DB1DEE837600C16964 /* Release */,
			);
			defaultConfigurationIsVisible = 0;
			defaultConfigurationName = Release;
		};
/* End XCConfigurationList section */
	};
	rootObject = B0D266BA1DEE837600C16964 /* Project object */;
}
